
Microsoft Visual Studio Solution File, Format Version 12.00
# Visual Studio 15
VisualStudioVersion = 15.0.28010.2026
MinimumVisualStudioVersion = 10.0.40219.1
Project("{FAE04EC0-301F-11D3-BF4B-00C04F79EFBC}") = "LanguageTool.BLL", "LanguageTool.BLL\LanguageTool.BLL.csproj", "{4A76DFA8-1317-424C-994A-BB8841F79629}"
EndProject
Project("{FAE04EC0-301F-11D3-BF4B-00C04F79EFBC}") = "LanguageTool", "LanguageTool\LanguageTool.csproj", "{73033FD8-A44F-42B7-9C83-BE186DF1DD9A}"
EndProject
Project("{FAE04EC0-301F-11D3-BF4B-00C04F79EFBC}") = "LanguageAddin", "LanguageAddin\LanguageAddin.csproj", "{45E82B2F-514C-4014-AA6C-39F8FE5DE5A8}"
EndProject
Project("{FAE04EC0-301F-11D3-BF4B-00C04F79EFBC}") = "ICUconsole", "ICUconsole\ICUconsole.csproj", "{EA411583-E36D-4B84-83DE-F65B08FDB009}"
EndProject
Global
	GlobalSection(SolutionConfigurationPlatforms) = preSolution
		Debug|Any CPU = Debug|Any CPU
		Release|Any CPU = Release|Any CPU
	EndGlobalSection
	GlobalSection(ProjectConfigurationPlatforms) = postSolution
		{4A76DFA8-1317-424C-994A-BB8841F79629}.Debug|Any CPU.ActiveCfg = Debug|Any CPU
		{4A76DFA8-1317-424C-994A-BB8841F79629}.Debug|Any CPU.Build.0 = Debug|Any CPU
		{4A76DFA8-1317-424C-994A-BB8841F79629}.Release|Any CPU.ActiveCfg = Release|Any CPU
		{4A76DFA8-1317-424C-994A-BB8841F79629}.Release|Any CPU.Build.0 = Release|Any CPU
		{73033FD8-A44F-42B7-9C83-BE186DF1DD9A}.Debug|Any CPU.ActiveCfg = Debug|Any CPU
		{73033FD8-A44F-42B7-9C83-BE186DF1DD9A}.Debug|Any CPU.Build.0 = Debug|Any CPU
		{73033FD8-A44F-42B7-9C83-BE186DF1DD9A}.Release|Any CPU.ActiveCfg = Release|Any CPU
		{73033FD8-A44F-42B7-9C83-BE186DF1DD9A}.Release|Any CPU.Build.0 = Release|Any CPU
		{45E82B2F-514C-4014-AA6C-39F8FE5DE5A8}.Debug|Any CPU.ActiveCfg = Debug|Any CPU
		{45E82B2F-514C-4014-AA6C-39F8FE5DE5A8}.Debug|Any CPU.Build.0 = Debug|Any CPU
		{45E82B2F-514C-4014-AA6C-39F8FE5DE5A8}.Release|Any CPU.ActiveCfg = Release|Any CPU
		{45E82B2F-514C-4014-AA6C-39F8FE5DE5A8}.Release|Any CPU.Build.0 = Release|Any CPU
		{EA411583-E36D-4B84-83DE-F65B08FDB009}.Debug|Any CPU.ActiveCfg = Debug|Any CPU
		{EA411583-E36D-4B84-83DE-F65B08FDB009}.Debug|Any CPU.Build.0 = Debug|Any CPU
		{EA411583-E36D-4B84-83DE-F65B08FDB009}.Release|Any CPU.ActiveCfg = Release|Any CPU
		{EA411583-E36D-4B84-83DE-F65B08FDB009}.Release|Any CPU.Build.0 = Release|Any CPU
	EndGlobalSection
	GlobalSection(SolutionProperties) = preSolution
		HideSolutionNode = FALSE
	EndGlobalSection
	GlobalSection(ExtensibilityGlobals) = postSolution
		SolutionGuid = {8E1E145D-7C64-443C-91BD-205F60193909}
	EndGlobalSection
EndGlobal
